
Microsoft Visual Studio Solution File, Format Version 12.00
# Visual Studio Version 16
VisualStudioVersion = 16.0.28809.33
MinimumVisualStudioVersion = 10.0.40219.1
Project("{8BC9CEB8-8B4A-11D0-8D11-00A0C91BC942}") = "DoSemestralka", "DoSemestralka\DoSemestralka.vcxproj", "{68CF0435-BC61-48C5-8B53-5DF986C0AE8B}"
EndProject
Global
	GlobalSection(SolutionConfigurationPlatforms) = preSolution
		Debug|x64 = Debug|x64
		Debug|x86 = Debug|x86
		Release|x64 = Release|x64
		Release|x86 = Release|x86
	EndGlobalSection
	GlobalSection(ProjectConfigurationPlatforms) = postSolution
		{68CF0435-BC61-48C5-8B53-5DF986C0AE8B}.Debug|x64.ActiveCfg = Debug|x64
		{68CF0435-BC61-48C5-8B53-5DF986C0AE8B}.Debug|x64.Build.0 = Debug|x64
		{68CF0435-BC61-48C5-8B53-5DF986C0AE8B}.Debug|x86.ActiveCfg = Debug|Win32
		{68CF0435-BC61-48C5-8B53-5DF986C0AE8B}.Debug|x86.Build.0 = Debug|Win32
		{68CF0435-BC61-48C5-8B53-5DF986C0AE8B}.Release|x64.ActiveCfg = Release|x64
		{68CF0435-BC61-48C5-8B53-5DF986C0AE8B}.Release|x64.Build.0 = Release|x64
		{68CF0435-BC61-48C5-8B53-5DF986C0AE8B}.Release|x86.ActiveCfg = Release|Win32
		{68CF0435-BC61-48C5-8B53-5DF986C0AE8B}.Release|x86.Build.0 = Release|Win32
	EndGlobalSection
	GlobalSection(SolutionProperties) = preSolution
		HideSolutionNode = FALSE
	EndGlobalSection
	GlobalSection(ExtensibilityGlobals) = postSolution
		SolutionGuid = {9781E384-CDA7-4C42-94AD-254442A7EF1C}
	EndGlobalSection
EndGlobal
